// !$*UTF8*$!
{
	archiveVersion = 1;
	classes = {
	};
	objectVersion = 50;
	objects = {

/* Begin PBXBuildFile section */
		5B0EE73C24263E5100DB65DD /* Scrolling.swift in Sources */ = {isa = PBXBuildFile; fileRef = 5B0EE73B24263E5100DB65DD /* Scrolling.swift */; };
		5BC1ECDA2422B0720045F68E /* AppDelegate.swift in Sources */ = {isa = PBXBuildFile; fileRef = 5BC1ECD92422B0720045F68E /* AppDelegate.swift */; };
		5BC1ECDC2422B0720045F68E /* SceneDelegate.swift in Sources */ = {isa = PBXBuildFile; fileRef = 5BC1ECDB2422B0720045F68E /* SceneDelegate.swift */; };
		5BC1ECDE2422B0720045F68E /* ViewController.swift in Sources */ = {isa = PBXBuildFile; fileRef = 5BC1ECDD2422B0720045F68E /* ViewController.swift */; };
		5BC1ECE12422B0720045F68E /* Main.storyboard in Resources */ = {isa = PBXBuildFile; fileRef = 5BC1ECDF2422B0720045F68E /* Main.storyboard */; };
		5BC1ECE32422B0730045F68E /* Assets.xcassets in Resources */ = {isa = PBXBuildFile; fileRef = 5BC1ECE22422B0730045F68E /* Assets.xcassets */; };
		5BC1ECE62422B0730045F68E /* LaunchScreen.storyboard in Resources */ = {isa = PBXBuildFile; fileRef = 5BC1ECE42422B0730045F68E /* LaunchScreen.storyboard */; };
		5BC1ECF12422B1380045F68E /* GenericSectionModel.swift in Sources */ = {isa = PBXBuildFile; fileRef = 5BC1ECF02422B1380045F68E /* GenericSectionModel.swift */; };
		5BC1ECF32422B1BF0045F68E /* GenericSectionItem.swift in Sources */ = {isa = PBXBuildFile; fileRef = 5BC1ECF22422B1BF0045F68E /* GenericSectionItem.swift */; };
		5BC1ECF52422B2800045F68E /* GenericTableAction.swift in Sources */ = {isa = PBXBuildFile; fileRef = 5BC1ECF42422B2800045F68E /* GenericTableAction.swift */; };
		5BC1ECF72422B2B90045F68E /* CellsRegister.swift in Sources */ = {isa = PBXBuildFile; fileRef = 5BC1ECF62422B2B90045F68E /* CellsRegister.swift */; };
		5BC1ECF92422B2D10045F68E /* ReactiveTableView.swift in Sources */ = {isa = PBXBuildFile; fileRef = 5BC1ECF82422B2D10045F68E /* ReactiveTableView.swift */; };
		5BC1ECFB2422B32C0045F68E /* Datasource.swift in Sources */ = {isa = PBXBuildFile; fileRef = 5BC1ECFA2422B32C0045F68E /* Datasource.swift */; };
		5BC1ED022422B3C20045F68E /* CustomPublisher.swift in Sources */ = {isa = PBXBuildFile; fileRef = 5BC1ECFD2422B3C20045F68E /* CustomPublisher.swift */; };
		5BC1ED032422B3C20045F68E /* CustomSubscriber.swift in Sources */ = {isa = PBXBuildFile; fileRef = 5BC1ECFE2422B3C20045F68E /* CustomSubscriber.swift */; };
		5BC1ED042422B3C20045F68E /* CancellableBag.swift in Sources */ = {isa = PBXBuildFile; fileRef = 5BC1ECFF2422B3C20045F68E /* CancellableBag.swift */; };
		5BC1ED052422B3C20045F68E /* Combine+UIControl.swift in Sources */ = {isa = PBXBuildFile; fileRef = 5BC1ED002422B3C20045F68E /* Combine+UIControl.swift */; };
		5BC1ED062422B3C20045F68E /* ExtensionProperty.swift in Sources */ = {isa = PBXBuildFile; fileRef = 5BC1ED012422B3C20045F68E /* ExtensionProperty.swift */; };
		5BC1ED0B2422B4830045F68E /* TextCell.xib in Resources */ = {isa = PBXBuildFile; fileRef = 5BC1ED092422B4830045F68E /* TextCell.xib */; };
		5BC1ED0C2422B4830045F68E /* TextCell.swift in Sources */ = {isa = PBXBuildFile; fileRef = 5BC1ED0A2422B4830045F68E /* TextCell.swift */; };
		5BF3BD702422C04400284F67 /* Editing.swift in Sources */ = {isa = PBXBuildFile; fileRef = 5BF3BD6F2422C04400284F67 /* Editing.swift */; };
/* End PBXBuildFile section */

/* Begin PBXFileReference section */
		5B0EE73B24263E5100DB65DD /* Scrolling.swift */ = {isa = PBXFileReference; lastKnownFileType = sourcecode.swift; path = Scrolling.swift; sourceTree = "<group>"; };
		5BC1ECD62422B0720045F68E /* ReactiveTableView.app */ = {isa = PBXFileReference; explicitFileType = wrapper.application; includeInIndex = 0; path = ReactiveTableView.app; sourceTree = BUILT_PRODUCTS_DIR; };
		5BC1ECD92422B0720045F68E /* AppDelegate.swift */ = {isa = PBXFileReference; lastKnownFileType = sourcecode.swift; path = AppDelegate.swift; sourceTree = "<group>"; };
		5BC1ECDB2422B0720045F68E /* SceneDelegate.swift */ = {isa = PBXFileReference; lastKnownFileType = sourcecode.swift; path = SceneDelegate.swift; sourceTree = "<group>"; };
		5BC1ECDD2422B0720045F68E /* ViewController.swift */ = {isa = PBXFileReference; lastKnownFileType = sourcecode.swift; path = ViewController.swift; sourceTree = "<group>"; };
		5BC1ECE02422B0720045F68E /* Base */ = {isa = PBXFileReference; lastKnownFileType = file.storyboard; name = Base; path = Base.lproj/Main.storyboard; sourceTree = "<group>"; };
		5BC1ECE22422B0730045F68E /* Assets.xcassets */ = {isa = PBXFileReference; lastKnownFileType = folder.assetcatalog; path = Assets.xcassets; sourceTree = "<group>"; };
		5BC1ECE52422B0730045F68E /* Base */ = {isa = PBXFileReference; lastKnownFileType = file.storyboard; name = Base; path = Base.lproj/LaunchScreen.storyboard; sourceTree = "<group>"; };
		5BC1ECE72422B0730045F68E /* Info.plist */ = {isa = PBXFileReference; lastKnownFileType = text.plist.xml; path = Info.plist; sourceTree = "<group>"; };
		5BC1ECF02422B1380045F68E /* GenericSectionModel.swift */ = {isa = PBXFileReference; lastKnownFileType = sourcecode.swift; path = GenericSectionModel.swift; sourceTree = "<group>"; };
		5BC1ECF22422B1BF0045F68E /* GenericSectionItem.swift */ = {isa = PBXFileReference; lastKnownFileType = sourcecode.swift; path = GenericSectionItem.swift; sourceTree = "<group>"; };
		5BC1ECF42422B2800045F68E /* GenericTableAction.swift */ = {isa = PBXFileReference; lastKnownFileType = sourcecode.swift; path = GenericTableAction.swift; sourceTree = "<group>"; };
		5BC1ECF62422B2B90045F68E /* CellsRegister.swift */ = {isa = PBXFileReference; lastKnownFileType = sourcecode.swift; path = CellsRegister.swift; sourceTree = "<group>"; };
		5BC1ECF82422B2D10045F68E /* ReactiveTableView.swift */ = {isa = PBXFileReference; lastKnownFileType = sourcecode.swift; path = ReactiveTableView.swift; sourceTree = "<group>"; };
		5BC1ECFA2422B32C0045F68E /* Datasource.swift */ = {isa = PBXFileReference; lastKnownFileType = sourcecode.swift; path = Datasource.swift; sourceTree = "<group>"; };
		5BC1ECFD2422B3C20045F68E /* CustomPublisher.swift */ = {isa = PBXFileReference; fileEncoding = 4; lastKnownFileType = sourcecode.swift; path = CustomPublisher.swift; sourceTree = "<group>"; };
		5BC1ECFE2422B3C20045F68E /* CustomSubscriber.swift */ = {isa = PBXFileReference; fileEncoding = 4; lastKnownFileType = sourcecode.swift; path = CustomSubscriber.swift; sourceTree = "<group>"; };
		5BC1ECFF2422B3C20045F68E /* CancellableBag.swift */ = {isa = PBXFileReference; fileEncoding = 4; lastKnownFileType = sourcecode.swift; path = CancellableBag.swift; sourceTree = "<group>"; };
		5BC1ED002422B3C20045F68E /* Combine+UIControl.swift */ = {isa = PBXFileReference; fileEncoding = 4; lastKnownFileType = sourcecode.swift; path = "Combine+UIControl.swift"; sourceTree = "<group>"; };
		5BC1ED012422B3C20045F68E /* ExtensionProperty.swift */ = {isa = PBXFileReference; fileEncoding = 4; lastKnownFileType = sourcecode.swift; path = ExtensionProperty.swift; sourceTree = "<group>"; };
		5BC1ED092422B4830045F68E /* TextCell.xib */ = {isa = PBXFileReference; fileEncoding = 4; lastKnownFileType = file.xib; path = TextCell.xib; sourceTree = "<group>"; };
		5BC1ED0A2422B4830045F68E /* TextCell.swift */ = {isa = PBXFileReference; fileEncoding = 4; lastKnownFileType = sourcecode.swift; path = TextCell.swift; sourceTree = "<group>"; };
		5BF3BD6F2422C04400284F67 /* Editing.swift */ = {isa = PBXFileReference; lastKnownFileType = sourcecode.swift; path = Editing.swift; sourceTree = "<group>"; };
/* End PBXFileReference section */

/* Begin PBXFrameworksBuildPhase section */
		5BC1ECD32422B0720045F68E /* Frameworks */ = {
			isa = PBXFrameworksBuildPhase;
			buildActionMask = 2147483647;
			files = (
			);
			runOnlyForDeploymentPostprocessing = 0;
		};
/* End PBXFrameworksBuildPhase section */

/* Begin PBXGroup section */
		5BC1ECCD2422B0720045F68E = {
			isa = PBXGroup;
			children = (
				5BC1ECD82422B0720045F68E /* ReactiveTableView */,
				5BC1ECD72422B0720045F68E /* Products */,
			);
			sourceTree = "<group>";
		};
		5BC1ECD72422B0720045F68E /* Products */ = {
			isa = PBXGroup;
			children = (
				5BC1ECD62422B0720045F68E /* ReactiveTableView.app */,
			);
			name = Products;
			sourceTree = "<group>";
		};
		5BC1ECD82422B0720045F68E /* ReactiveTableView */ = {
			isa = PBXGroup;
			children = (
				5BC1ECD92422B0720045F68E /* AppDelegate.swift */,
				5BC1ECDB2422B0720045F68E /* SceneDelegate.swift */,
				5BC1ECDD2422B0720045F68E /* ViewController.swift */,
				5BC1ECDF2422B0720045F68E /* Main.storyboard */,
				5BC1ECE22422B0730045F68E /* Assets.xcassets */,
				5BC1ECE42422B0730045F68E /* LaunchScreen.storyboard */,
				5BC1ECE72422B0730045F68E /* Info.plist */,
				5BC1ECFC2422B3C20045F68E /* Combine */,
				5BC1ECED2422B07F0045F68E /* ReactiveTableView */,
			);
			path = ReactiveTableView;
			sourceTree = "<group>";
		};
		5BC1ECED2422B07F0045F68E /* ReactiveTableView */ = {
			isa = PBXGroup;
			children = (
				5BC1ECF82422B2D10045F68E /* ReactiveTableView.swift */,
				5BC1ED072422B46D0045F68E /* Cells */,
				5BC1ECEF2422B0B90045F68E /* Extensions */,
				5BC1ECEE2422B0B30045F68E /* Models */,
			);
			path = ReactiveTableView;
			sourceTree = "<group>";
		};
		5BC1ECEE2422B0B30045F68E /* Models */ = {
			isa = PBXGroup;
			children = (
				5BC1ECF02422B1380045F68E /* GenericSectionModel.swift */,
				5BC1ECF22422B1BF0045F68E /* GenericSectionItem.swift */,
				5BC1ECF42422B2800045F68E /* GenericTableAction.swift */,
			);
			path = Models;
			sourceTree = "<group>";
		};
		5BC1ECEF2422B0B90045F68E /* Extensions */ = {
			isa = PBXGroup;
			children = (
				5BC1ECF62422B2B90045F68E /* CellsRegister.swift */,
				5BC1ECFA2422B32C0045F68E /* Datasource.swift */,
				5BF3BD6F2422C04400284F67 /* Editing.swift */,
				5B0EE73B24263E5100DB65DD /* Scrolling.swift */,
			);
			path = Extensions;
			sourceTree = "<group>";
		};
		5BC1ECFC2422B3C20045F68E /* Combine */ = {
			isa = PBXGroup;
			children = (
				5BC1ECFD2422B3C20045F68E /* CustomPublisher.swift */,
				5BC1ECFE2422B3C20045F68E /* CustomSubscriber.swift */,
				5BC1ECFF2422B3C20045F68E /* CancellableBag.swift */,
				5BC1ED002422B3C20045F68E /* Combine+UIControl.swift */,
				5BC1ED012422B3C20045F68E /* ExtensionProperty.swift */,
			);
			path = Combine;
			sourceTree = "<group>";
		};
		5BC1ED072422B46D0045F68E /* Cells */ = {
			isa = PBXGroup;
			children = (
				5BC1ED082422B4830045F68E /* TextCell */,
			);
			path = Cells;
			sourceTree = "<group>";
		};
		5BC1ED082422B4830045F68E /* TextCell */ = {
			isa = PBXGroup;
			children = (
				5BC1ED092422B4830045F68E /* TextCell.xib */,
				5BC1ED0A2422B4830045F68E /* TextCell.swift */,
			);
			path = TextCell;
			sourceTree = "<group>";
		};
/* End PBXGroup section */

/* Begin PBXNativeTarget section */
		5BC1ECD52422B0720045F68E /* ReactiveTableView */ = {
			isa = PBXNativeTarget;
			buildConfigurationList = 5BC1ECEA2422B0730045F68E /* Build configuration list for PBXNativeTarget "ReactiveTableView" */;
			buildPhases = (
				5BC1ECD22422B0720045F68E /* Sources */,
				5BC1ECD32422B0720045F68E /* Frameworks */,
				5BC1ECD42422B0720045F68E /* Resources */,
			);
			buildRules = (
			);
			dependencies = (
			);
			name = ReactiveTableView;
			productName = ReactiveTableView;
			productReference = 5BC1ECD62422B0720045F68E /* ReactiveTableView.app */;
			productType = "com.apple.product-type.application";
		};
/* End PBXNativeTarget section */

/* Begin PBXProject section */
		5BC1ECCE2422B0720045F68E /* Project object */ = {
			isa = PBXProject;
			attributes = {
				LastSwiftUpdateCheck = 1130;
				LastUpgradeCheck = 1130;
				ORGANIZATIONNAME = Selfcode;
				TargetAttributes = {
					5BC1ECD52422B0720045F68E = {
						CreatedOnToolsVersion = 11.3.1;
					};
				};
			};
			buildConfigurationList = 5BC1ECD12422B0720045F68E /* Build configuration list for PBXProject "ReactiveTableView" */;
			compatibilityVersion = "Xcode 9.3";
			developmentRegion = en;
			hasScannedForEncodings = 0;
			knownRegions = (
				en,
				Base,
			);
			mainGroup = 5BC1ECCD2422B0720045F68E;
			productRefGroup = 5BC1ECD72422B0720045F68E /* Products */;
			projectDirPath = "";
			projectRoot = "";
			targets = (
				5BC1ECD52422B0720045F68E /* ReactiveTableView */,
			);
		};
/* End PBXProject section */

/* Begin PBXResourcesBuildPhase section */
		5BC1ECD42422B0720045F68E /* Resources */ = {
			isa = PBXResourcesBuildPhase;
			buildActionMask = 2147483647;
			files = (
				5BC1ECE62422B0730045F68E /* LaunchScreen.storyboard in Resources */,
				5BC1ECE32422B0730045F68E /* Assets.xcassets in Resources */,
				5BC1ED0B2422B4830045F68E /* TextCell.xib in Resources */,
				5BC1ECE12422B0720045F68E /* Main.storyboard in Resources */,
			);
			runOnlyForDeploymentPostprocessing = 0;
		};
/* End PBXResourcesBuildPhase section */

/* Begin PBXSourcesBuildPhase section */
		5BC1ECD22422B0720045F68E /* Sources */ = {
			isa = PBXSourcesBuildPhase;
			buildActionMask = 2147483647;
			files = (
				5BC1ECF92422B2D10045F68E /* ReactiveTableView.swift in Sources */,
				5BC1ECDE2422B0720045F68E /* ViewController.swift in Sources */,
				5BC1ECDA2422B0720045F68E /* AppDelegate.swift in Sources */,
				5BC1ED032422B3C20045F68E /* CustomSubscriber.swift in Sources */,
				5B0EE73C24263E5100DB65DD /* Scrolling.swift in Sources */,
				5BC1ECFB2422B32C0045F68E /* Datasource.swift in Sources */,
				5BC1ED052422B3C20045F68E /* Combine+UIControl.swift in Sources */,
				5BC1ECF52422B2800045F68E /* GenericTableAction.swift in Sources */,
				5BC1ECF72422B2B90045F68E /* CellsRegister.swift in Sources */,
				5BC1ED062422B3C20045F68E /* ExtensionProperty.swift in Sources */,
				5BC1ED042422B3C20045F68E /* CancellableBag.swift in Sources */,
				5BC1ED0C2422B4830045F68E /* TextCell.swift in Sources */,
				5BC1ECDC2422B0720045F68E /* SceneDelegate.swift in Sources */,
				5BF3BD702422C04400284F67 /* Editing.swift in Sources */,
				5BC1ED022422B3C20045F68E /* CustomPublisher.swift in Sources */,
				5BC1ECF32422B1BF0045F68E /* GenericSectionItem.swift in Sources */,
				5BC1ECF12422B1380045F68E /* GenericSectionModel.swift in Sources */,
			);
			runOnlyForDeploymentPostprocessing = 0;
		};
/* End PBXSourcesBuildPhase section */

/* Begin PBXVariantGroup section */
		5BC1ECDF2422B0720045F68E /* Main.storyboard */ = {
			isa = PBXVariantGroup;
			children = (
				5BC1ECE02422B0720045F68E /* Base */,
			);
			name = Main.storyboard;
			sourceTree = "<group>";
		};
		5BC1ECE42422B0730045F68E /* LaunchScreen.storyboard */ = {
			isa = PBXVariantGroup;
			children = (
				5BC1ECE52422B0730045F68E /* Base */,
			);
			name = LaunchScreen.storyboard;
			sourceTree = "<group>";
		};
/* End PBXVariantGroup section */

/* Begin XCBuildConfiguration section */
		5BC1ECE82422B0730045F68E /* Debug */ = {
			isa = XCBuildConfiguration;
			buildSettings = {
				ALWAYS_SEARCH_USER_PATHS = NO;
				CLANG_ANALYZER_NONNULL = YES;
				CLANG_ANALYZER_NUMBER_OBJECT_CONVERSION = YES_AGGRESSIVE;
				CLANG_CXX_LANGUAGE_STANDARD = "gnu++14";
				CLANG_CXX_LIBRARY = "libc++";
				CLANG_ENABLE_MODULES = YES;
				CLANG_ENABLE_OBJC_ARC = YES;
				CLANG_ENABLE_OBJC_WEAK = YES;
				CLANG_WARN_BLOCK_CAPTURE_AUTORELEASING = YES;
				CLANG_WARN_BOOL_CONVERSION = YES;
				CLANG_WARN_COMMA = YES;
				CLANG_WARN_CONSTANT_CONVERSION = YES;
				CLANG_WARN_DEPRECATED_OBJC_IMPLEMENTATIONS = YES;
				CLANG_WARN_DIRECT_OBJC_ISA_USAGE = YES_ERROR;
				CLANG_WARN_DOCUMENTATION_COMMENTS = YES;
				CLANG_WARN_EMPTY_BODY = YES;
				CLANG_WARN_ENUM_CONVERSION = YES;
				CLANG_WARN_INFINITE_RECURSION = YES;
				CLANG_WARN_INT_CONVERSION = YES;
				CLANG_WARN_NON_LITERAL_NULL_CONVERSION = YES;
				CLANG_WARN_OBJC_IMPLICIT_RETAIN_SELF = YES;
				CLANG_WARN_OBJC_LITERAL_CONVERSION = YES;
				CLANG_WARN_OBJC_ROOT_CLASS = YES_ERROR;
				CLANG_WARN_RANGE_LOOP_ANALYSIS = YES;
				CLANG_WARN_STRICT_PROTOTYPES = YES;
				CLANG_WARN_SUSPICIOUS_MOVE = YES;
				CLANG_WARN_UNGUARDED_AVAILABILITY = YES_AGGRESSIVE;
				CLANG_WARN_UNREACHABLE_CODE = YES;
				CLANG_WARN__DUPLICATE_METHOD_MATCH = YES;
				COPY_PHASE_STRIP = NO;
				DEBUG_INFORMATION_FORMAT = dwarf;
				ENABLE_STRICT_OBJC_MSGSEND = YES;
				ENABLE_TESTABILITY = YES;
				GCC_C_LANGUAGE_STANDARD = gnu11;
				GCC_DYNAMIC_NO_PIC = NO;
				GCC_NO_COMMON_BLOCKS = YES;
				GCC_OPTIMIZATION_LEVEL = 0;
				GCC_PREPROCESSOR_DEFINITIONS = (
					"DEBUG=1",
					"$(inherited)",
				);
				GCC_WARN_64_TO_32_BIT_CONVERSION = YES;
				GCC_WARN_ABOUT_RETURN_TYPE = YES_ERROR;
				GCC_WARN_UNDECLARED_SELECTOR = YES;
				GCC_WARN_UNINITIALIZED_AUTOS = YES_AGGRESSIVE;
				GCC_WARN_UNUSED_FUNCTION = YES;
				GCC_WARN_UNUSED_VARIABLE = YES;
				IPHONEOS_DEPLOYMENT_TARGET = 13.2;
				MTL_ENABLE_DEBUG_INFO = INCLUDE_SOURCE;
				MTL_FAST_MATH = YES;
				ONLY_ACTIVE_ARCH = YES;
				SDKROOT = iphoneos;
				SWIFT_ACTIVE_COMPILATION_CONDITIONS = DEBUG;
				SWIFT_OPTIMIZATION_LEVEL = "-Onone";
			};
			name = Debug;
		};
		5BC1ECE92422B0730045F68E /* Release */ = {
			isa = XCBuildConfiguration;
			buildSettings = {
				ALWAYS_SEARCH_USER_PATHS = NO;
				CLANG_ANALYZER_NONNULL = YES;
				CLANG_ANALYZER_NUMBER_OBJECT_CONVERSION = YES_AGGRESSIVE;
				CLANG_CXX_LANGUAGE_STANDARD = "gnu++14";
				CLANG_CXX_LIBRARY = "libc++";
				CLANG_ENABLE_MODULES = YES;
				CLANG_ENABLE_OBJC_ARC = YES;
				CLANG_ENABLE_OBJC_WEAK = YES;
				CLANG_WARN_BLOCK_CAPTURE_AUTORELEASING = YES;
				CLANG_WARN_BOOL_CONVERSION = YES;
				CLANG_WARN_COMMA = YES;
				CLANG_WARN_CONSTANT_CONVERSION = YES;
				CLANG_WARN_DEPRECATED_OBJC_IMPLEMENTATIONS = YES;
				CLANG_WARN_DIRECT_OBJC_ISA_USAGE = YES_ERROR;
				CLANG_WARN_DOCUMENTATION_COMMENTS = YES;
				CLANG_WARN_EMPTY_BODY = YES;
				CLANG_WARN_ENUM_CONVERSION = YES;
				CLANG_WARN_INFINITE_RECURSION = YES;
				CLANG_WARN_INT_CONVERSION = YES;
				CLANG_WARN_NON_LITERAL_NULL_CONVERSION = YES;
				CLANG_WARN_OBJC_IMPLICIT_RETAIN_SELF = YES;
				CLANG_WARN_OBJC_LITERAL_CONVERSION = YES;
				CLANG_WARN_OBJC_ROOT_CLASS = YES_ERROR;
				CLANG_WARN_RANGE_LOOP_ANALYSIS = YES;
				CLANG_WARN_STRICT_PROTOTYPES = YES;
				CLANG_WARN_SUSPICIOUS_MOVE = YES;
				CLANG_WARN_UNGUARDED_AVAILABILITY = YES_AGGRESSIVE;
				CLANG_WARN_UNREACHABLE_CODE = YES;
				CLANG_WARN__DUPLICATE_METHOD_MATCH = YES;
				COPY_PHASE_STRIP = NO;
				DEBUG_INFORMATION_FORMAT = "dwarf-with-dsym";
				ENABLE_NS_ASSERTIONS = NO;
				ENABLE_STRICT_OBJC_MSGSEND = YES;
				GCC_C_LANGUAGE_STANDARD = gnu11;
				GCC_NO_COMMON_BLOCKS = YES;
				GCC_WARN_64_TO_32_BIT_CONVERSION = YES;
				GCC_WARN_ABOUT_RETURN_TYPE = YES_ERROR;
				GCC_WARN_UNDECLARED_SELECTOR = YES;
				GCC_WARN_UNINITIALIZED_AUTOS = YES_AGGRESSIVE;
				GCC_WARN_UNUSED_FUNCTION = YES;
				GCC_WARN_UNUSED_VARIABLE = YES;
				IPHONEOS_DEPLOYMENT_TARGET = 13.2;
				MTL_ENABLE_DEBUG_INFO = NO;
				MTL_FAST_MATH = YES;
				SDKROOT = iphoneos;
				SWIFT_COMPILATION_MODE = wholemodule;
				SWIFT_OPTIMIZATION_LEVEL = "-O";
				VALIDATE_PRODUCT = YES;
			};
			name = Release;
		};
		5BC1ECEB2422B0730045F68E /* Debug */ = {
			isa = XCBuildConfiguration;
			buildSettings = {
				ASSETCATALOG_COMPILER_APPICON_NAME = AppIcon;
				CODE_SIGN_STYLE = Automatic;
				DEVELOPMENT_TEAM = 9TN55PBP68;
				INFOPLIST_FILE = ReactiveTableView/Info.plist;
				LD_RUNPATH_SEARCH_PATHS = (
					"$(inherited)",
					"@executable_path/Frameworks",
				);
				PRODUCT_BUNDLE_IDENTIFIER = com.selfcode.ReactiveTableView;
				PRODUCT_NAME = "$(TARGET_NAME)";
				SWIFT_VERSION = 5.0;
				TARGETED_DEVICE_FAMILY = "1,2";
			};
			name = Debug;
		};
		5BC1ECEC2422B0730045F68E /* Release */ = {
			isa = XCBuildConfiguration;
			buildSettings = {
				ASSETCATALOG_COMPILER_APPICON_NAME = AppIcon;
				CODE_SIGN_STYLE = Automatic;
				DEVELOPMENT_TEAM = 9TN55PBP68;
				INFOPLIST_FILE = ReactiveTableView/Info.plist;
				LD_RUNPATH_SEARCH_PATHS = (
					"$(inherited)",
					"@executable_path/Frameworks",
				);
				PRODUCT_BUNDLE_IDENTIFIER = com.selfcode.ReactiveTableView;
				PRODUCT_NAME = "$(TARGET_NAME)";
				SWIFT_VERSION = 5.0;
				TARGETED_DEVICE_FAMILY = "1,2";
			};
			name = Release;
		};
/* End XCBuildConfiguration section */

/* Begin XCConfigurationList section */
		5BC1ECD12422B0720045F68E /* Build configuration list for PBXProject "ReactiveTableView" */ = {
			isa = XCConfigurationList;
			buildConfigurations = (
				5BC1ECE82422B0730045F68E /* Debug */,
				5BC1ECE92422B0730045F68E /* Release */,
			);
			defaultConfigurationIsVisible = 0;
			defaultConfigurationName = Release;
		};
		5BC1ECEA2422B0730045F68E /* Build configuration list for PBXNativeTarget "ReactiveTableView" */ = {
			isa = XCConfigurationList;
			buildConfigurations = (
				5BC1ECEB2422B0730045F68E /* Debug */,
				5BC1ECEC2422B0730045F68E /* Release */,
			);
			defaultConfigurationIsVisible = 0;
			defaultConfigurationName = Release;
		};
/* End XCConfigurationList section */
	};
	rootObject = 5BC1ECCE2422B0720045F68E /* Project object */;
}
